<?xml version="1.0" encoding="UTF-8"?>
<Scheme
   LastUpgradeVersion = "1620"
   version = "1.7">
   <BuildAction
      parallelizeBuildables = "YES"
      buildImplicitDependencies = "YES"
      buildArchitectures = "Automatic">
      <BuildActionEntries>
         <BuildActionEntry
            buildForTesting = "YES"
            buildForRunning = "YES"
            buildForProfiling = "YES"
            buildForArchiving = "YES"
            buildForAnalyzing = "YES">
            <BuildableReference
               BuildableIdentifier = "primary"
               BlueprintIdentifier = "7BDD62A82D764A4A00E18088"
               BuildableName = "MCPClientChat.app"
               BlueprintName = "MCPClientChat"
               ReferencedContainer = "container:MCPClientChat.xcodeproj">
            </BuildableReference>
         </BuildActionEntry>
      </BuildActionEntries>
   </BuildAction>
   <TestAction
      buildConfiguration = "Debug"
      selectedDebuggerIdentifier = "Xcode.DebuggerFoundation.Debugger.LLDB"
      selectedLauncherIdentifier = "Xcode.DebuggerFoundation.Launcher.LLDB"
      shouldUseLaunchSchemeArgsEnv = "YES"
      shouldAutocreateTestPlan = "YES">
      <Testables>
         <TestableReference
            skipped = "NO"
            parallelizable = "YES">
            <BuildableReference
               BuildableIdentifier = "primary"
               BlueprintIdentifier = "7BDD62B92D764A4C00E18088"
               BuildableName = "MCPClientChatTests.xctest"
               BlueprintName = "MCPClientChatTests"
               ReferencedContainer = "container:MCPClientChat.xcodeproj">
            </BuildableReference>
         </TestableReference>
         <TestableReference
            skipped = "NO"
            parallelizable = "YES">
            <BuildableReference
               BuildableIdentifier = "primary"
               BlueprintIdentifier = "7BDD62C32D764A4C00E18088"
               BuildableName = "MCPClientChatUITests.xctest"
               BlueprintName = "MCPClientChatUITests"
               ReferencedContainer = "container:MCPClientChat.xcodeproj">
            </BuildableReference>
         </TestableReference>
      </Testables>
   </TestAction>
   <LaunchAction
      buildConfiguration = "Debug"
      selectedDebuggerIdentifier = "Xcode.DebuggerFoundation.Debugger.LLDB"
      selectedLauncherIdentifier = "Xcode.DebuggerFoundation.Launcher.LLDB"
      launchStyle = "0"
      useCustomWorkingDirectory = "NO"
      ignoresPersistentStateOnLaunch = "NO"
      debugDocumentVersioning = "YES"
      debugServiceExtension = "internal"
      allowLocationSimulation = "YES">
      <BuildableProductRunnable
         runnableDebuggingMode = "0">
         <BuildableReference
            BuildableIdentifier = "primary"
            BlueprintIdentifier = "7BDD62A82D764A4A00E18088"
            BuildableName = "MCPClientChat.app"
            BlueprintName = "MCPClientChat"
            ReferencedContainer = "container:MCPClientChat.xcodeproj">
         </BuildableReference>
      </BuildableProductRunnable>
      <EnvironmentVariables>
         <EnvironmentVariable
            key = "github_token"
            value = "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"
            isEnabled = "YES">
         </EnvironmentVariable>
         <EnvironmentVariable
            key = "api_key"
            value = "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"
            isEnabled = "YES">
         </EnvironmentVariable>
      </EnvironmentVariables>
   </LaunchAction>
   <ProfileAction
      buildConfiguration = "Release"
      shouldUseLaunchSchemeArgsEnv = "YES"
      savedToolIdentifier = ""
      useCustomWorkingDirectory = "NO"
      debugDocumentVersioning = "YES">
      <BuildableProductRunnable
         runnableDebuggingMode = "0">
         <BuildableReference
            BuildableIdentifier = "primary"
            BlueprintIdentifier = "7BDD62A82D764A4A00E18088"
            BuildableName = "MCPClientChat.app"
            BlueprintName = "MCPClientChat"
            ReferencedContainer = "container:MCPClientChat.xcodeproj">
         </BuildableReference>
      </BuildableProductRunnable>
   </ProfileAction>
   <AnalyzeAction
      buildConfiguration = "Debug">
   </AnalyzeAction>
   <ArchiveAction
      buildConfiguration = "Release"
      revealArchiveInOrganizer = "YES">
   </ArchiveAction>
</Scheme>
